
Microsoft Visual Studio Solution File, Format Version 12.00
# Visual Studio 15
Project("{FAE04EC0-301F-11D3-BF4B-00C04F79EFBC}") = "Assembly-CSharp", "Assembly-CSharp.csproj", "{6614962A-3EDF-6A0F-598B-4CEDB4C53E8D}"
EndProject
Project("{FAE04EC0-301F-11D3-BF4B-00C04F79EFBC}") = "Assembly-CSharp-firstpass", "Assembly-CSharp-firstpass.csproj", "{97195707-6044-E447-C484-5ABF564AFE79}"
EndProject
Global
	GlobalSection(SolutionConfigurationPlatforms) = preSolution
		Debug|Any CPU = Debug|Any CPU
		Release|Any CPU = Release|Any CPU
	EndGlobalSection
	GlobalSection(ProjectConfigurationPlatforms) = postSolution
		{6614962A-3EDF-6A0F-598B-4CEDB4C53E8D}.Debug|Any CPU.ActiveCfg = Debug|Any CPU
		{6614962A-3EDF-6A0F-598B-4CEDB4C53E8D}.Debug|Any CPU.Build.0 = Debug|Any CPU
		{6614962A-3EDF-6A0F-598B-4CEDB4C53E8D}.Release|Any CPU.ActiveCfg = Release|Any CPU
		{6614962A-3EDF-6A0F-598B-4CEDB4C53E8D}.Release|Any CPU.Build.0 = Release|Any CPU
		{97195707-6044-E447-C484-5ABF564AFE79}.Debug|Any CPU.ActiveCfg = Debug|Any CPU
		{97195707-6044-E447-C484-5ABF564AFE79}.Debug|Any CPU.Build.0 = Debug|Any CPU
		{97195707-6044-E447-C484-5ABF564AFE79}.Release|Any CPU.ActiveCfg = Release|Any CPU
		{97195707-6044-E447-C484-5ABF564AFE79}.Release|Any CPU.Build.0 = Release|Any CPU
	EndGlobalSection
	GlobalSection(SolutionProperties) = preSolution
		HideSolutionNode = FALSE
	EndGlobalSection
EndGlobal
